{
  "name": "tmpltr",
  "version": "1.0.0",
  "lockfileVersion": 3,
  "requires": true,
  "packages": {
    "": {
      "name": "tmpltr",
      "version": "1.0.0",
      "license": "MIT",
      "dependencies": {
        "watcher": "^2.3.1"
      }
    },
    "node_modules/dettle": {
      "version": "1.0.5",
      "resolved": "https://registry.npmjs.org/dettle/-/dettle-1.0.5.tgz",
      "integrity": "sha512-ZVyjhAJ7sCe1PNXEGveObOH9AC8QvMga3HJIghHawtG7mE4K5pW9nz/vDGAr/U7a3LWgdOzEE7ac9MURnyfaTA=="
    },
    "node_modules/promise-make-counter": {
      "version": "1.0.2",
      "resolved": "https://registry.npmjs.org/promise-make-counter/-/promise-make-counter-1.0.2.tgz",
      "integrity": "sha512-FJAxTBWQuQoAs4ZOYuKX1FHXxEgKLEzBxUvwr4RoOglkTpOjWuM+RXsK3M9q5lMa8kjqctUrhwYeZFT4ygsnag==",
      "dependencies": {
        "promise-make-naked": "^3.0.2"
      }
    },
    "node_modules/promise-make-naked": {
      "version": "3.0.2",
      "resolved": "https://registry.npmjs.org/promise-make-naked/-/promise-make-naked-3.0.2.tgz",
      "integrity": "sha512-B+b+kQ1YrYS7zO7P7bQcoqqMUizP06BOyNSBEnB5VJKDSWo8fsVuDkfSmwdjF0JsRtaNh83so5MMFJ95soH5jg=="
    },
    "node_modules/stubborn-fs": {
      "version": "1.2.5",
      "resolved": "https://registry.npmjs.org/stubborn-fs/-/stubborn-fs-1.2.5.tgz",
      "integrity": "sha512-H2N9c26eXjzL/S/K+i/RHHcFanE74dptvvjM8iwzwbVcWY/zjBbgRqF3K0DY4+OD+uTTASTBvDoxPDaPN02D7g=="
    },
    "node_modules/tiny-readdir": {
      "version": "2.7.4",
      "resolved": "https://registry.npmjs.org/tiny-readdir/-/tiny-readdir-2.7.4.tgz",
      "integrity": "sha512-721U+zsYwDirjr8IM6jqpesD/McpZooeFi3Zc6mcjy1pse2C+v19eHPFRqz4chGXZFw7C3KITDjAtHETc2wj7Q==",
      "dependencies": {
        "promise-make-counter": "^1.0.2"
      }
    },
    "node_modules/watcher": {
      "version": "2.3.1",
      "resolved": "https://registry.npmjs.org/watcher/-/watcher-2.3.1.tgz",
      "integrity": "sha512-d3yl+ey35h05r5EFP0TafE2jsmQUJ9cc2aernRVyAkZiu0J3+3TbNugNcqdUJDoWOfL2p+bNsN427stsBC/HnA==",
      "dependencies": {
        "dettle": "^1.0.2",
        "stubborn-fs": "^1.2.5",
        "tiny-readdir": "^2.7.2"
      }
    }
  }
}
